
Microsoft Visual Studio Solution File, Format Version 12.00
# Visual Studio Version 17
VisualStudioVersion = 17.11.35222.181
MinimumVisualStudioVersion = 10.0.40219.1
Project("{FAE04EC0-301F-11D3-BF4B-00C04F79EFBC}") = "BT_NHom", "BT_NHom.csproj", "{F59FF2BF-43CB-468C-83B8-B1E0CB8622A8}"
EndProject
Global
	GlobalSection(SolutionConfigurationPlatforms) = preSolution
		Debug|Any CPU = Debug|Any CPU
		Release|Any CPU = Release|Any CPU
	EndGlobalSection
	GlobalSection(ProjectConfigurationPlatforms) = postSolution
		{F59FF2BF-43CB-468C-83B8-B1E0CB8622A8}.Debug|Any CPU.ActiveCfg = Debug|Any CPU
		{F59FF2BF-43CB-468C-83B8-B1E0CB8622A8}.Debug|Any CPU.Build.0 = Debug|Any CPU
		{F59FF2BF-43CB-468C-83B8-B1E0CB8622A8}.Release|Any CPU.ActiveCfg = Release|Any CPU
		{F59FF2BF-43CB-468C-83B8-B1E0CB8622A8}.Release|Any CPU.Build.0 = Release|Any CPU
	EndGlobalSection
	GlobalSection(SolutionProperties) = preSolution
		HideSolutionNode = FALSE
	EndGlobalSection
	GlobalSection(ExtensibilityGlobals) = postSolution
		SolutionGuid = {7F296AD5-5ECB-4BF6-BDF5-AEE3ADE70632}
	EndGlobalSection
EndGlobal
